// !$*UTF8*$!
{
	archiveVersion = 1;
	classes = {
	};
	objectVersion = 50;
	objects = {

/* Begin PBXBuildFile section */
		38B5EF2D263E3D17009AF84D /* LearningAppApp.swift in Sources */ = {isa = PBXBuildFile; fileRef = 38B5EF2C263E3D17009AF84D /* LearningAppApp.swift */; };
		38B5EF2F263E3D17009AF84D /* HomeView.swift in Sources */ = {isa = PBXBuildFile; fileRef = 38B5EF2E263E3D17009AF84D /* HomeView.swift */; };
		38B5EF31263E3D1B009AF84D /* Assets.xcassets in Resources */ = {isa = PBXBuildFile; fileRef = 38B5EF30263E3D1B009AF84D /* Assets.xcassets */; };
		38B5EF34263E3D1B009AF84D /* Preview Assets.xcassets in Resources */ = {isa = PBXBuildFile; fileRef = 38B5EF33263E3D1B009AF84D /* Preview Assets.xcassets */; };
		38B5EF41263E3F7D009AF84D /* ContentModel.swift in Sources */ = {isa = PBXBuildFile; fileRef = 38B5EF40263E3F7D009AF84D /* ContentModel.swift */; };
		38B5EF44263E42BE009AF84D /* style.html in Resources */ = {isa = PBXBuildFile; fileRef = 38B5EF42263E42BE009AF84D /* style.html */; };
		38B5EF45263E42BE009AF84D /* data.json in Resources */ = {isa = PBXBuildFile; fileRef = 38B5EF43263E42BE009AF84D /* data.json */; };
		38B5EF47263E44C1009AF84D /* Models.swift in Sources */ = {isa = PBXBuildFile; fileRef = 38B5EF46263E44C1009AF84D /* Models.swift */; };
/* End PBXBuildFile section */

/* Begin PBXFileReference section */
		38B5EF29263E3D17009AF84D /* LearningApp.app */ = {isa = PBXFileReference; explicitFileType = wrapper.application; includeInIndex = 0; path = LearningApp.app; sourceTree = BUILT_PRODUCTS_DIR; };
		38B5EF2C263E3D17009AF84D /* LearningAppApp.swift */ = {isa = PBXFileReference; lastKnownFileType = sourcecode.swift; path = LearningAppApp.swift; sourceTree = "<group>"; };
		38B5EF2E263E3D17009AF84D /* HomeView.swift */ = {isa = PBXFileReference; lastKnownFileType = sourcecode.swift; path = HomeView.swift; sourceTree = "<group>"; };
		38B5EF30263E3D1B009AF84D /* Assets.xcassets */ = {isa = PBXFileReference; lastKnownFileType = folder.assetcatalog; path = Assets.xcassets; sourceTree = "<group>"; };
		38B5EF33263E3D1B009AF84D /* Preview Assets.xcassets */ = {isa = PBXFileReference; lastKnownFileType = folder.assetcatalog; path = "Preview Assets.xcassets"; sourceTree = "<group>"; };
		38B5EF35263E3D1B009AF84D /* Info.plist */ = {isa = PBXFileReference; lastKnownFileType = text.plist.xml; path = Info.plist; sourceTree = "<group>"; };
		38B5EF40263E3F7D009AF84D /* ContentModel.swift */ = {isa = PBXFileReference; lastKnownFileType = sourcecode.swift; path = ContentModel.swift; sourceTree = "<group>"; };
		38B5EF42263E42BE009AF84D /* style.html */ = {isa = PBXFileReference; fileEncoding = 4; lastKnownFileType = text.html; path = style.html; sourceTree = "<group>"; };
		38B5EF43263E42BE009AF84D /* data.json */ = {isa = PBXFileReference; fileEncoding = 4; lastKnownFileType = text.json; path = data.json; sourceTree = "<group>"; };
		38B5EF46263E44C1009AF84D /* Models.swift */ = {isa = PBXFileReference; lastKnownFileType = sourcecode.swift; path = Models.swift; sourceTree = "<group>"; };
/* End PBXFileReference section */

/* Begin PBXFrameworksBuildPhase section */
		38B5EF26263E3D17009AF84D /* Frameworks */ = {
			isa = PBXFrameworksBuildPhase;
			buildActionMask = 2147483647;
			files = (
			);
			runOnlyForDeploymentPostprocessing = 0;
		};
/* End PBXFrameworksBuildPhase section */

/* Begin PBXGroup section */
		38B5EF20263E3D17009AF84D = {
			isa = PBXGroup;
			children = (
				38B5EF2B263E3D17009AF84D /* LearningApp */,
				38B5EF2A263E3D17009AF84D /* Products */,
			);
			sourceTree = "<group>";
		};
		38B5EF2A263E3D17009AF84D /* Products */ = {
			isa = PBXGroup;
			children = (
				38B5EF29263E3D17009AF84D /* LearningApp.app */,
			);
			name = Products;
			sourceTree = "<group>";
		};
		38B5EF2B263E3D17009AF84D /* LearningApp */ = {
			isa = PBXGroup;
			children = (
				38B5EF2C263E3D17009AF84D /* LearningAppApp.swift */,
				38B5EF3B263E3EBC009AF84D /* Views */,
				38B5EF3C263E3EC8009AF84D /* ViewModel */,
				38B5EF3E263E3EEA009AF84D /* Resources */,
				38B5EF3F263E3F09009AF84D /* Helpers */,
				38B5EF30263E3D1B009AF84D /* Assets.xcassets */,
				38B5EF35263E3D1B009AF84D /* Info.plist */,
				38B5EF32263E3D1B009AF84D /* Preview Content */,
			);
			path = LearningApp;
			sourceTree = "<group>";
		};
		38B5EF32263E3D1B009AF84D /* Preview Content */ = {
			isa = PBXGroup;
			children = (
				38B5EF33263E3D1B009AF84D /* Preview Assets.xcassets */,
			);
			path = "Preview Content";
			sourceTree = "<group>";
		};
		38B5EF3B263E3EBC009AF84D /* Views */ = {
			isa = PBXGroup;
			children = (
				38B5EF2E263E3D17009AF84D /* HomeView.swift */,
			);
			path = Views;
			sourceTree = "<group>";
		};
		38B5EF3C263E3EC8009AF84D /* ViewModel */ = {
			isa = PBXGroup;
			children = (
				38B5EF40263E3F7D009AF84D /* ContentModel.swift */,
				38B5EF3D263E3ED7009AF84D /* Model */,
			);
			path = ViewModel;
			sourceTree = "<group>";
		};
		38B5EF3D263E3ED7009AF84D /* Model */ = {
			isa = PBXGroup;
			children = (
				38B5EF46263E44C1009AF84D /* Models.swift */,
			);
			path = Model;
			sourceTree = "<group>";
		};
		38B5EF3E263E3EEA009AF84D /* Resources */ = {
			isa = PBXGroup;
			children = (
				38B5EF43263E42BE009AF84D /* data.json */,
				38B5EF42263E42BE009AF84D /* style.html */,
			);
			path = Resources;
			sourceTree = "<group>";
		};
		38B5EF3F263E3F09009AF84D /* Helpers */ = {
			isa = PBXGroup;
			children = (
			);
			path = Helpers;
			sourceTree = "<group>";
		};
/* End PBXGroup section */

/* Begin PBXNativeTarget section */
		38B5EF28263E3D17009AF84D /* LearningApp */ = {
			isa = PBXNativeTarget;
			buildConfigurationList = 38B5EF38263E3D1B009AF84D /* Build configuration list for PBXNativeTarget "LearningApp" */;
			buildPhases = (
				38B5EF25263E3D17009AF84D /* Sources */,
				38B5EF26263E3D17009AF84D /* Frameworks */,
				38B5EF27263E3D17009AF84D /* Resources */,
			);
			buildRules = (
			);
			dependencies = (
			);
			name = LearningApp;
			productName = LearningApp;
			productReference = 38B5EF29263E3D17009AF84D /* LearningApp.app */;
			productType = "com.apple.product-type.application";
		};
/* End PBXNativeTarget section */

/* Begin PBXProject section */
		38B5EF21263E3D17009AF84D /* Project object */ = {
			isa = PBXProject;
			attributes = {
				LastSwiftUpdateCheck = 1250;
				LastUpgradeCheck = 1250;
				TargetAttributes = {
					38B5EF28263E3D17009AF84D = {
						CreatedOnToolsVersion = 12.5;
					};
				};
			};
			buildConfigurationList = 38B5EF24263E3D17009AF84D /* Build configuration list for PBXProject "LearningApp" */;
			compatibilityVersion = "Xcode 9.3";
			developmentRegion = en;
			hasScannedForEncodings = 0;
			knownRegions = (
				en,
				Base,
			);
			mainGroup = 38B5EF20263E3D17009AF84D;
			productRefGroup = 38B5EF2A263E3D17009AF84D /* Products */;
			projectDirPath = "";
			projectRoot = "";
			targets = (
				38B5EF28263E3D17009AF84D /* LearningApp */,
			);
		};
/* End PBXProject section */

/* Begin PBXResourcesBuildPhase section */
		38B5EF27263E3D17009AF84D /* Resources */ = {
			isa = PBXResourcesBuildPhase;
			buildActionMask = 2147483647;
			files = (
				38B5EF44263E42BE009AF84D /* style.html in Resources */,
				38B5EF34263E3D1B009AF84D /* Preview Assets.xcassets in Resources */,
				38B5EF31263E3D1B009AF84D /* Assets.xcassets in Resources */,
				38B5EF45263E42BE009AF84D /* data.json in Resources */,
			);
			runOnlyForDeploymentPostprocessing = 0;
		};
/* End PBXResourcesBuildPhase section */

/* Begin PBXSourcesBuildPhase section */
		38B5EF25263E3D17009AF84D /* Sources */ = {
			isa = PBXSourcesBuildPhase;
			buildActionMask = 2147483647;
			files = (
				38B5EF2F263E3D17009AF84D /* HomeView.swift in Sources */,
				38B5EF2D263E3D17009AF84D /* LearningAppApp.swift in Sources */,
				38B5EF41263E3F7D009AF84D /* ContentModel.swift in Sources */,
				38B5EF47263E44C1009AF84D /* Models.swift in Sources */,
			);
			runOnlyForDeploymentPostprocessing = 0;
		};
/* End PBXSourcesBuildPhase section */

/* Begin XCBuildConfiguration section */
		38B5EF36263E3D1B009AF84D /* Debug */ = {
			isa = XCBuildConfiguration;
			buildSettings = {
				ALWAYS_SEARCH_USER_PATHS = NO;
				CLANG_ANALYZER_NONNULL = YES;
				CLANG_ANALYZER_NUMBER_OBJECT_CONVERSION = YES_AGGRESSIVE;
				CLANG_CXX_LANGUAGE_STANDARD = "gnu++14";
				CLANG_CXX_LIBRARY = "libc++";
				CLANG_ENABLE_MODULES = YES;
				CLANG_ENABLE_OBJC_ARC = YES;
				CLANG_ENABLE_OBJC_WEAK = YES;
				CLANG_WARN_BLOCK_CAPTURE_AUTORELEASING = YES;
				CLANG_WARN_BOOL_CONVERSION = YES;
				CLANG_WARN_COMMA = YES;
				CLANG_WARN_CONSTANT_CONVERSION = YES;
				CLANG_WARN_DEPRECATED_OBJC_IMPLEMENTATIONS = YES;
				CLANG_WARN_DIRECT_OBJC_ISA_USAGE = YES_ERROR;
				CLANG_WARN_DOCUMENTATION_COMMENTS = YES;
				CLANG_WARN_EMPTY_BODY = YES;
				CLANG_WARN_ENUM_CONVERSION = YES;
				CLANG_WARN_INFINITE_RECURSION = YES;
				CLANG_WARN_INT_CONVERSION = YES;
				CLANG_WARN_NON_LITERAL_NULL_CONVERSION = YES;
				CLANG_WARN_OBJC_IMPLICIT_RETAIN_SELF = YES;
				CLANG_WARN_OBJC_LITERAL_CONVERSION = YES;
				CLANG_WARN_OBJC_ROOT_CLASS = YES_ERROR;
				CLANG_WARN_QUOTED_INCLUDE_IN_FRAMEWORK_HEADER = YES;
				CLANG_WARN_RANGE_LOOP_ANALYSIS = YES;
				CLANG_WARN_STRICT_PROTOTYPES = YES;
				CLANG_WARN_SUSPICIOUS_MOVE = YES;
				CLANG_WARN_UNGUARDED_AVAILABILITY = YES_AGGRESSIVE;
				CLANG_WARN_UNREACHABLE_CODE = YES;
				CLANG_WARN__DUPLICATE_METHOD_MATCH = YES;
				COPY_PHASE_STRIP = NO;
				DEBUG_INFORMATION_FORMAT = dwarf;
				ENABLE_STRICT_OBJC_MSGSEND = YES;
				ENABLE_TESTABILITY = YES;
				GCC_C_LANGUAGE_STANDARD = gnu11;
				GCC_DYNAMIC_NO_PIC = NO;
				GCC_NO_COMMON_BLOCKS = YES;
				GCC_OPTIMIZATION_LEVEL = 0;
				GCC_PREPROCESSOR_DEFINITIONS = (
					"DEBUG=1",
					"$(inherited)",
				);
				GCC_WARN_64_TO_32_BIT_CONVERSION = YES;
				GCC_WARN_ABOUT_RETURN_TYPE = YES_ERROR;
				GCC_WARN_UNDECLARED_SELECTOR = YES;
				GCC_WARN_UNINITIALIZED_AUTOS = YES_AGGRESSIVE;
				GCC_WARN_UNUSED_FUNCTION = YES;
				GCC_WARN_UNUSED_VARIABLE = YES;
				IPHONEOS_DEPLOYMENT_TARGET = 14.5;
				MTL_ENABLE_DEBUG_INFO = INCLUDE_SOURCE;
				MTL_FAST_MATH = YES;
				ONLY_ACTIVE_ARCH = YES;
				SDKROOT = iphoneos;
				SWIFT_ACTIVE_COMPILATION_CONDITIONS = DEBUG;
				SWIFT_OPTIMIZATION_LEVEL = "-Onone";
			};
			name = Debug;
		};
		38B5EF37263E3D1B009AF84D /* Release */ = {
			isa = XCBuildConfiguration;
			buildSettings = {
				ALWAYS_SEARCH_USER_PATHS = NO;
				CLANG_ANALYZER_NONNULL = YES;
				CLANG_ANALYZER_NUMBER_OBJECT_CONVERSION = YES_AGGRESSIVE;
				CLANG_CXX_LANGUAGE_STANDARD = "gnu++14";
				CLANG_CXX_LIBRARY = "libc++";
				CLANG_ENABLE_MODULES = YES;
				CLANG_ENABLE_OBJC_ARC = YES;
				CLANG_ENABLE_OBJC_WEAK = YES;
				CLANG_WARN_BLOCK_CAPTURE_AUTORELEASING = YES;
				CLANG_WARN_BOOL_CONVERSION = YES;
				CLANG_WARN_COMMA = YES;
				CLANG_WARN_CONSTANT_CONVERSION = YES;
				CLANG_WARN_DEPRECATED_OBJC_IMPLEMENTATIONS = YES;
				CLANG_WARN_DIRECT_OBJC_ISA_USAGE = YES_ERROR;
				CLANG_WARN_DOCUMENTATION_COMMENTS = YES;
				CLANG_WARN_EMPTY_BODY = YES;
				CLANG_WARN_ENUM_CONVERSION = YES;
				CLANG_WARN_INFINITE_RECURSION = YES;
				CLANG_WARN_INT_CONVERSION = YES;
				CLANG_WARN_NON_LITERAL_NULL_CONVERSION = YES;
				CLANG_WARN_OBJC_IMPLICIT_RETAIN_SELF = YES;
				CLANG_WARN_OBJC_LITERAL_CONVERSION = YES;
				CLANG_WARN_OBJC_ROOT_CLASS = YES_ERROR;
				CLANG_WARN_QUOTED_INCLUDE_IN_FRAMEWORK_HEADER = YES;
				CLANG_WARN_RANGE_LOOP_ANALYSIS = YES;
				CLANG_WARN_STRICT_PROTOTYPES = YES;
				CLANG_WARN_SUSPICIOUS_MOVE = YES;
				CLANG_WARN_UNGUARDED_AVAILABILITY = YES_AGGRESSIVE;
				CLANG_WARN_UNREACHABLE_CODE = YES;
				CLANG_WARN__DUPLICATE_METHOD_MATCH = YES;
				COPY_PHASE_STRIP = NO;
				DEBUG_INFORMATION_FORMAT = "dwarf-with-dsym";
				ENABLE_NS_ASSERTIONS = NO;
				ENABLE_STRICT_OBJC_MSGSEND = YES;
				GCC_C_LANGUAGE_STANDARD = gnu11;
				GCC_NO_COMMON_BLOCKS = YES;
				GCC_WARN_64_TO_32_BIT_CONVERSION = YES;
				GCC_WARN_ABOUT_RETURN_TYPE = YES_ERROR;
				GCC_WARN_UNDECLARED_SELECTOR = YES;
				GCC_WARN_UNINITIALIZED_AUTOS = YES_AGGRESSIVE;
				GCC_WARN_UNUSED_FUNCTION = YES;
				GCC_WARN_UNUSED_VARIABLE = YES;
				IPHONEOS_DEPLOYMENT_TARGET = 14.5;
				MTL_ENABLE_DEBUG_INFO = NO;
				MTL_FAST_MATH = YES;
				SDKROOT = iphoneos;
				SWIFT_COMPILATION_MODE = wholemodule;
				SWIFT_OPTIMIZATION_LEVEL = "-O";
				VALIDATE_PRODUCT = YES;
			};
			name = Release;
		};
		38B5EF39263E3D1B009AF84D /* Debug */ = {
			isa = XCBuildConfiguration;
			buildSettings = {
				ASSETCATALOG_COMPILER_APPICON_NAME = AppIcon;
				ASSETCATALOG_COMPILER_GLOBAL_ACCENT_COLOR_NAME = AccentColor;
				CODE_SIGN_STYLE = Automatic;
				DEVELOPMENT_ASSET_PATHS = "\"LearningApp/Preview Content\"";
				ENABLE_PREVIEWS = YES;
				INFOPLIST_FILE = LearningApp/Info.plist;
				IPHONEOS_DEPLOYMENT_TARGET = 14.0;
				LD_RUNPATH_SEARCH_PATHS = (
					"$(inherited)",
					"@executable_path/Frameworks",
				);
				PRODUCT_BUNDLE_IDENTIFIER = EDXSWIFT.LearningApp;
				PRODUCT_NAME = "$(TARGET_NAME)";
				SWIFT_VERSION = 5.0;
				TARGETED_DEVICE_FAMILY = "1,2";
			};
			name = Debug;
		};
		38B5EF3A263E3D1B009AF84D /* Release */ = {
			isa = XCBuildConfiguration;
			buildSettings = {
				ASSETCATALOG_COMPILER_APPICON_NAME = AppIcon;
				ASSETCATALOG_COMPILER_GLOBAL_ACCENT_COLOR_NAME = AccentColor;
				CODE_SIGN_STYLE = Automatic;
				DEVELOPMENT_ASSET_PATHS = "\"LearningApp/Preview Content\"";
				ENABLE_PREVIEWS = YES;
				INFOPLIST_FILE = LearningApp/Info.plist;
				IPHONEOS_DEPLOYMENT_TARGET = 14.0;
				LD_RUNPATH_SEARCH_PATHS = (
					"$(inherited)",
					"@executable_path/Frameworks",
				);
				PRODUCT_BUNDLE_IDENTIFIER = EDXSWIFT.LearningApp;
				PRODUCT_NAME = "$(TARGET_NAME)";
				SWIFT_VERSION = 5.0;
				TARGETED_DEVICE_FAMILY = "1,2";
			};
			name = Release;
		};
/* End XCBuildConfiguration section */

/* Begin XCConfigurationList section */
		38B5EF24263E3D17009AF84D /* Build configuration list for PBXProject "LearningApp" */ = {
			isa = XCConfigurationList;
			buildConfigurations = (
				38B5EF36263E3D1B009AF84D /* Debug */,
				38B5EF37263E3D1B009AF84D /* Release */,
			);
			defaultConfigurationIsVisible = 0;
			defaultConfigurationName = Release;
		};
		38B5EF38263E3D1B009AF84D /* Build configuration list for PBXNativeTarget "LearningApp" */ = {
			isa = XCConfigurationList;
			buildConfigurations = (
				38B5EF39263E3D1B009AF84D /* Debug */,
				38B5EF3A263E3D1B009AF84D /* Release */,
			);
			defaultConfigurationIsVisible = 0;
			defaultConfigurationName = Release;
		};
/* End XCConfigurationList section */
	};
	rootObject = 38B5EF21263E3D17009AF84D /* Project object */;
}
